
Microsoft Visual Studio Solution File, Format Version 12.00
# Visual Studio Version 17
VisualStudioVersion = 17.14.36109.1 d17.14
MinimumVisualStudioVersion = 10.0.40219.1
Project("{FAE04EC0-301F-11D3-BF4B-00C04F79EFBC}") = "ExtremeHelp.Api", "ExtremeHelp.Api\ExtremeHelp.Api.csproj", "{E2C2C074-2605-4635-99E4-CEC773BC9689}"
EndProject
Project("{FAE04EC0-301F-11D3-BF4B-00C04F79EFBC}") = "ExtremeHelp.WebApp", "ExtremeHelp.WebApp\ExtremeHelp.WebApp.csproj", "{C95400AF-D0B0-4B97-A56B-A483A4D9404D}"
EndProject
Global
	GlobalSection(SolutionConfigurationPlatforms) = preSolution
		Debug|Any CPU = Debug|Any CPU
		Release|Any CPU = Release|Any CPU
	EndGlobalSection
	GlobalSection(ProjectConfigurationPlatforms) = postSolution
		{E2C2C074-2605-4635-99E4-CEC773BC9689}.Debug|Any CPU.ActiveCfg = Debug|Any CPU
		{E2C2C074-2605-4635-99E4-CEC773BC9689}.Debug|Any CPU.Build.0 = Debug|Any CPU
		{E2C2C074-2605-4635-99E4-CEC773BC9689}.Release|Any CPU.ActiveCfg = Release|Any CPU
		{E2C2C074-2605-4635-99E4-CEC773BC9689}.Release|Any CPU.Build.0 = Release|Any CPU
		{C95400AF-D0B0-4B97-A56B-A483A4D9404D}.Debug|Any CPU.ActiveCfg = Debug|Any CPU
		{C95400AF-D0B0-4B97-A56B-A483A4D9404D}.Debug|Any CPU.Build.0 = Debug|Any CPU
		{C95400AF-D0B0-4B97-A56B-A483A4D9404D}.Release|Any CPU.ActiveCfg = Release|Any CPU
		{C95400AF-D0B0-4B97-A56B-A483A4D9404D}.Release|Any CPU.Build.0 = Release|Any CPU
	EndGlobalSection
	GlobalSection(SolutionProperties) = preSolution
		HideSolutionNode = FALSE
	EndGlobalSection
	GlobalSection(ExtensibilityGlobals) = postSolution
		SolutionGuid = {98075DBD-9F92-4DDF-BDCD-E87100418677}
	EndGlobalSection
EndGlobal
